# THIS IS AN AUTOGENERATED FILE. DO NOT EDIT THIS FILE DIRECTLY.
# yarn lockfile v1


just-validate@^3.5.2:
  version "3.5.2"
  resolved "https://registry.yarnpkg.com/just-validate/-/just-validate-3.5.2.tgz#2cfaf33c66dcf84a0b882b2ab67ac300130538d6"
  integrity sha512-BbDz50R6eqCDiN3AWq+dB0IWBb6ejBnj4kywZBCuH+ewQvF6XUze5ySWrRZeb7izSojR5GaZASoT89ndVXvouA==
